// !$*UTF8*$!
{
	archiveVersion = 1;
	classes = {
	};
	objectVersion = 46;
	objects = {

/* Begin PBXBuildFile section */
		07AEE1F21D854FF4008EDFBB /* main.m in Sources */ = {isa = PBXBuildFile; fileRef = 07AEE1F11D854FF4008EDFBB /* main.m */; };
		07AEE1F51D854FF4008EDFBB /* AppDelegate.m in Sources */ = {isa = PBXBuildFile; fileRef = 07AEE1F41D854FF4008EDFBB /* AppDelegate.m */; };
		07AEE1F81D854FF4008EDFBB /* ViewController.m in Sources */ = {isa = PBXBuildFile; fileRef = 07AEE1F71D854FF4008EDFBB /* ViewController.m */; };
		07AEE1FB1D854FF4008EDFBB /* Main.storyboard in Resources */ = {isa = PBXBuildFile; fileRef = 07AEE1F91D854FF4008EDFBB /* Main.storyboard */; };
		07AEE1FD1D854FF4008EDFBB /* Assets.xcassets in Resources */ = {isa = PBXBuildFile; fileRef = 07AEE1FC1D854FF4008EDFBB /* Assets.xcassets */; };
		07AEE2001D854FF4008EDFBB /* LaunchScreen.storyboard in Resources */ = {isa = PBXBuildFile; fileRef = 07AEE1FE1D854FF4008EDFBB /* LaunchScreen.storyboard */; };
		07AEE20D1D855189008EDFBB /* FQAlertView.m in Sources */ = {isa = PBXBuildFile; fileRef = 07AEE20C1D855189008EDFBB /* FQAlertView.m */; };
		07AEE20F1D855206008EDFBB /* FQAlertView.bundle in Resources */ = {isa = PBXBuildFile; fileRef = 07AEE20E1D855206008EDFBB /* FQAlertView.bundle */; };
		07AEE2121D855419008EDFBB /* NSBundle+FQAlertView.m in Sources */ = {isa = PBXBuildFile; fileRef = 07AEE2111D855419008EDFBB /* NSBundle+FQAlertView.m */; };
		07AEE2151D855FF6008EDFBB /* FQAlertCenterView.m in Sources */ = {isa = PBXBuildFile; fileRef = 07AEE2141D855FF6008EDFBB /* FQAlertCenterView.m */; };
		CD2D9A651DDF5875005DA371 /* FQPlaceholdViewController.m in Sources */ = {isa = PBXBuildFile; fileRef = CD2D9A641DDF5875005DA371 /* FQPlaceholdViewController.m */; };
/* End PBXBuildFile section */

/* Begin PBXFileReference section */
		07AEE1ED1D854FF4008EDFBB /* FQAlertViewDemo.app */ = {isa = PBXFileReference; explicitFileType = wrapper.application; includeInIndex = 0; path = FQAlertViewDemo.app; sourceTree = BUILT_PRODUCTS_DIR; };
		07AEE1F11D854FF4008EDFBB /* main.m */ = {isa = PBXFileReference; lastKnownFileType = sourcecode.c.objc; path = main.m; sourceTree = "<group>"; };
		07AEE1F31D854FF4008EDFBB /* AppDelegate.h */ = {isa = PBXFileReference; lastKnownFileType = sourcecode.c.h; path = AppDelegate.h; sourceTree = "<group>"; };
		07AEE1F41D854FF4008EDFBB /* AppDelegate.m */ = {isa = PBXFileReference; lastKnownFileType = sourcecode.c.objc; path = AppDelegate.m; sourceTree = "<group>"; };
		07AEE1F61D854FF4008EDFBB /* ViewController.h */ = {isa = PBXFileReference; lastKnownFileType = sourcecode.c.h; path = ViewController.h; sourceTree = "<group>"; };
		07AEE1F71D854FF4008EDFBB /* ViewController.m */ = {isa = PBXFileReference; lastKnownFileType = sourcecode.c.objc; path = ViewController.m; sourceTree = "<group>"; };
		07AEE1FA1D854FF4008EDFBB /* Base */ = {isa = PBXFileReference; lastKnownFileType = file.storyboard; name = Base; path = Base.lproj/Main.storyboard; sourceTree = "<group>"; };
		07AEE1FC1D854FF4008EDFBB /* Assets.xcassets */ = {isa = PBXFileReference; lastKnownFileType = folder.assetcatalog; path = Assets.xcassets; sourceTree = "<group>"; };
		07AEE1FF1D854FF4008EDFBB /* Base */ = {isa = PBXFileReference; lastKnownFileType = file.storyboard; name = Base; path = Base.lproj/LaunchScreen.storyboard; sourceTree = "<group>"; };
		07AEE2011D854FF4008EDFBB /* Info.plist */ = {isa = PBXFileReference; lastKnownFileType = text.plist.xml; path = Info.plist; sourceTree = "<group>"; };
		07AEE20B1D855189008EDFBB /* FQAlertView.h */ = {isa = PBXFileReference; fileEncoding = 4; lastKnownFileType = sourcecode.c.h; path = FQAlertView.h; sourceTree = "<group>"; };
		07AEE20C1D855189008EDFBB /* FQAlertView.m */ = {isa = PBXFileReference; fileEncoding = 4; lastKnownFileType = sourcecode.c.objc; path = FQAlertView.m; sourceTree = "<group>"; };
		07AEE20E1D855206008EDFBB /* FQAlertView.bundle */ = {isa = PBXFileReference; lastKnownFileType = "wrapper.plug-in"; path = FQAlertView.bundle; sourceTree = "<group>"; };
		07AEE2101D855419008EDFBB /* NSBundle+FQAlertView.h */ = {isa = PBXFileReference; fileEncoding = 4; lastKnownFileType = sourcecode.c.h; path = "NSBundle+FQAlertView.h"; sourceTree = "<group>"; };
		07AEE2111D855419008EDFBB /* NSBundle+FQAlertView.m */ = {isa = PBXFileReference; fileEncoding = 4; lastKnownFileType = sourcecode.c.objc; path = "NSBundle+FQAlertView.m"; sourceTree = "<group>"; };
		07AEE2131D855FF6008EDFBB /* FQAlertCenterView.h */ = {isa = PBXFileReference; fileEncoding = 4; lastKnownFileType = sourcecode.c.h; path = FQAlertCenterView.h; sourceTree = "<group>"; };
		07AEE2141D855FF6008EDFBB /* FQAlertCenterView.m */ = {isa = PBXFileReference; fileEncoding = 4; lastKnownFileType = sourcecode.c.objc; path = FQAlertCenterView.m; sourceTree = "<group>"; };
		CD2D9A631DDF5875005DA371 /* FQPlaceholdViewController.h */ = {isa = PBXFileReference; fileEncoding = 4; lastKnownFileType = sourcecode.c.h; path = FQPlaceholdViewController.h; sourceTree = "<group>"; };
		CD2D9A641DDF5875005DA371 /* FQPlaceholdViewController.m */ = {isa = PBXFileReference; fileEncoding = 4; lastKnownFileType = sourcecode.c.objc; path = FQPlaceholdViewController.m; sourceTree = "<group>"; };
/* End PBXFileReference section */

/* Begin PBXFrameworksBuildPhase section */
		07AEE1EA1D854FF4008EDFBB /* Frameworks */ = {
			isa = PBXFrameworksBuildPhase;
			buildActionMask = 2147483647;
			files = (
			);
			runOnlyForDeploymentPostprocessing = 0;
		};
/* End PBXFrameworksBuildPhase section */

/* Begin PBXGroup section */
		07AEE1E41D854FF4008EDFBB = {
			isa = PBXGroup;
			children = (
				07AEE1EF1D854FF4008EDFBB /* FQAlertViewDemo */,
				07AEE1EE1D854FF4008EDFBB /* Products */,
			);
			sourceTree = "<group>";
		};
		07AEE1EE1D854FF4008EDFBB /* Products */ = {
			isa = PBXGroup;
			children = (
				07AEE1ED1D854FF4008EDFBB /* FQAlertViewDemo.app */,
			);
			name = Products;
			sourceTree = "<group>";
		};
		07AEE1EF1D854FF4008EDFBB /* FQAlertViewDemo */ = {
			isa = PBXGroup;
			children = (
				07AEE2071D85503A008EDFBB /* FQAlertView */,
				07AEE1F31D854FF4008EDFBB /* AppDelegate.h */,
				07AEE1F41D854FF4008EDFBB /* AppDelegate.m */,
				07AEE1F61D854FF4008EDFBB /* ViewController.h */,
				07AEE1F71D854FF4008EDFBB /* ViewController.m */,
				07AEE1F91D854FF4008EDFBB /* Main.storyboard */,
				07AEE1FC1D854FF4008EDFBB /* Assets.xcassets */,
				07AEE1FE1D854FF4008EDFBB /* LaunchScreen.storyboard */,
				07AEE2011D854FF4008EDFBB /* Info.plist */,
				07AEE1F01D854FF4008EDFBB /* Supporting Files */,
			);
			path = FQAlertViewDemo;
			sourceTree = "<group>";
		};
		07AEE1F01D854FF4008EDFBB /* Supporting Files */ = {
			isa = PBXGroup;
			children = (
				07AEE1F11D854FF4008EDFBB /* main.m */,
			);
			name = "Supporting Files";
			sourceTree = "<group>";
		};
		07AEE2071D85503A008EDFBB /* FQAlertView */ = {
			isa = PBXGroup;
			children = (
				07AEE20B1D855189008EDFBB /* FQAlertView.h */,
				07AEE20C1D855189008EDFBB /* FQAlertView.m */,
				07AEE2101D855419008EDFBB /* NSBundle+FQAlertView.h */,
				07AEE2111D855419008EDFBB /* NSBundle+FQAlertView.m */,
				07AEE2131D855FF6008EDFBB /* FQAlertCenterView.h */,
				07AEE2141D855FF6008EDFBB /* FQAlertCenterView.m */,
				CD2D9A631DDF5875005DA371 /* FQPlaceholdViewController.h */,
				CD2D9A641DDF5875005DA371 /* FQPlaceholdViewController.m */,
				07AEE20E1D855206008EDFBB /* FQAlertView.bundle */,
			);
			path = FQAlertView;
			sourceTree = SOURCE_ROOT;
		};
/* End PBXGroup section */

/* Begin PBXNativeTarget section */
		07AEE1EC1D854FF4008EDFBB /* FQAlertViewDemo */ = {
			isa = PBXNativeTarget;
			buildConfigurationList = 07AEE2041D854FF4008EDFBB /* Build configuration list for PBXNativeTarget "FQAlertViewDemo" */;
			buildPhases = (
				07AEE1E91D854FF4008EDFBB /* Sources */,
				07AEE1EA1D854FF4008EDFBB /* Frameworks */,
				07AEE1EB1D854FF4008EDFBB /* Resources */,
			);
			buildRules = (
			);
			dependencies = (
			);
			name = FQAlertViewDemo;
			productName = FQAlertViewDemo;
			productReference = 07AEE1ED1D854FF4008EDFBB /* FQAlertViewDemo.app */;
			productType = "com.apple.product-type.application";
		};
/* End PBXNativeTarget section */

/* Begin PBXProject section */
		07AEE1E51D854FF4008EDFBB /* Project object */ = {
			isa = PBXProject;
			attributes = {
				LastUpgradeCheck = 0730;
				ORGANIZATIONNAME = "奉强";
				TargetAttributes = {
					07AEE1EC1D854FF4008EDFBB = {
						CreatedOnToolsVersion = 7.3.1;
						DevelopmentTeam = CWS5QZG6VE;
					};
				};
			};
			buildConfigurationList = 07AEE1E81D854FF4008EDFBB /* Build configuration list for PBXProject "FQAlertViewDemo" */;
			compatibilityVersion = "Xcode 3.2";
			developmentRegion = English;
			hasScannedForEncodings = 0;
			knownRegions = (
				en,
				Base,
			);
			mainGroup = 07AEE1E41D854FF4008EDFBB;
			productRefGroup = 07AEE1EE1D854FF4008EDFBB /* Products */;
			projectDirPath = "";
			projectRoot = "";
			targets = (
				07AEE1EC1D854FF4008EDFBB /* FQAlertViewDemo */,
			);
		};
/* End PBXProject section */

/* Begin PBXResourcesBuildPhase section */
		07AEE1EB1D854FF4008EDFBB /* Resources */ = {
			isa = PBXResourcesBuildPhase;
			buildActionMask = 2147483647;
			files = (
				07AEE20F1D855206008EDFBB /* FQAlertView.bundle in Resources */,
				07AEE2001D854FF4008EDFBB /* LaunchScreen.storyboard in Resources */,
				07AEE1FD1D854FF4008EDFBB /* Assets.xcassets in Resources */,
				07AEE1FB1D854FF4008EDFBB /* Main.storyboard in Resources */,
			);
			runOnlyForDeploymentPostprocessing = 0;
		};
/* End PBXResourcesBuildPhase section */

/* Begin PBXSourcesBuildPhase section */
		07AEE1E91D854FF4008EDFBB /* Sources */ = {
			isa = PBXSourcesBuildPhase;
			buildActionMask = 2147483647;
			files = (
				CD2D9A651DDF5875005DA371 /* FQPlaceholdViewController.m in Sources */,
				07AEE1F81D854FF4008EDFBB /* ViewController.m in Sources */,
				07AEE1F51D854FF4008EDFBB /* AppDelegate.m in Sources */,
				07AEE20D1D855189008EDFBB /* FQAlertView.m in Sources */,
				07AEE2151D855FF6008EDFBB /* FQAlertCenterView.m in Sources */,
				07AEE2121D855419008EDFBB /* NSBundle+FQAlertView.m in Sources */,
				07AEE1F21D854FF4008EDFBB /* main.m in Sources */,
			);
			runOnlyForDeploymentPostprocessing = 0;
		};
/* End PBXSourcesBuildPhase section */

/* Begin PBXVariantGroup section */
		07AEE1F91D854FF4008EDFBB /* Main.storyboard */ = {
			isa = PBXVariantGroup;
			children = (
				07AEE1FA1D854FF4008EDFBB /* Base */,
			);
			name = Main.storyboard;
			sourceTree = "<group>";
		};
		07AEE1FE1D854FF4008EDFBB /* LaunchScreen.storyboard */ = {
			isa = PBXVariantGroup;
			children = (
				07AEE1FF1D854FF4008EDFBB /* Base */,
			);
			name = LaunchScreen.storyboard;
			sourceTree = "<group>";
		};
/* End PBXVariantGroup section */

/* Begin XCBuildConfiguration section */
		07AEE2021D854FF4008EDFBB /* Debug */ = {
			isa = XCBuildConfiguration;
			buildSettings = {
				ALWAYS_SEARCH_USER_PATHS = NO;
				CLANG_ANALYZER_NONNULL = YES;
				CLANG_CXX_LANGUAGE_STANDARD = "gnu++0x";
				CLANG_CXX_LIBRARY = "libc++";
				CLANG_ENABLE_MODULES = YES;
				CLANG_ENABLE_OBJC_ARC = YES;
				CLANG_WARN_BOOL_CONVERSION = YES;
				CLANG_WARN_CONSTANT_CONVERSION = YES;
				CLANG_WARN_DIRECT_OBJC_ISA_USAGE = YES_ERROR;
				CLANG_WARN_EMPTY_BODY = YES;
				CLANG_WARN_ENUM_CONVERSION = YES;
				CLANG_WARN_INT_CONVERSION = YES;
				CLANG_WARN_OBJC_ROOT_CLASS = YES_ERROR;
				CLANG_WARN_UNREACHABLE_CODE = YES;
				CLANG_WARN__DUPLICATE_METHOD_MATCH = YES;
				"CODE_SIGN_IDENTITY[sdk=iphoneos*]" = "iPhone Developer";
				COPY_PHASE_STRIP = NO;
				DEBUG_INFORMATION_FORMAT = dwarf;
				ENABLE_STRICT_OBJC_MSGSEND = YES;
				ENABLE_TESTABILITY = YES;
				GCC_C_LANGUAGE_STANDARD = gnu99;
				GCC_DYNAMIC_NO_PIC = NO;
				GCC_NO_COMMON_BLOCKS = YES;
				GCC_OPTIMIZATION_LEVEL = 0;
				GCC_PREPROCESSOR_DEFINITIONS = (
					"DEBUG=1",
					"$(inherited)",
				);
				GCC_WARN_64_TO_32_BIT_CONVERSION = YES;
				GCC_WARN_ABOUT_RETURN_TYPE = YES_ERROR;
				GCC_WARN_UNDECLARED_SELECTOR = YES;
				GCC_WARN_UNINITIALIZED_AUTOS = YES_AGGRESSIVE;
				GCC_WARN_UNUSED_FUNCTION = YES;
				GCC_WARN_UNUSED_VARIABLE = YES;
				IPHONEOS_DEPLOYMENT_TARGET = 9.3;
				MTL_ENABLE_DEBUG_INFO = YES;
				ONLY_ACTIVE_ARCH = YES;
				SDKROOT = iphoneos;
			};
			name = Debug;
		};
		07AEE2031D854FF4008EDFBB /* Release */ = {
			isa = XCBuildConfiguration;
			buildSettings = {
				ALWAYS_SEARCH_USER_PATHS = NO;
				CLANG_ANALYZER_NONNULL = YES;
				CLANG_CXX_LANGUAGE_STANDARD = "gnu++0x";
				CLANG_CXX_LIBRARY = "libc++";
				CLANG_ENABLE_MODULES = YES;
				CLANG_ENABLE_OBJC_ARC = YES;
				CLANG_WARN_BOOL_CONVERSION = YES;
				CLANG_WARN_CONSTANT_CONVERSION = YES;
				CLANG_WARN_DIRECT_OBJC_ISA_USAGE = YES_ERROR;
				CLANG_WARN_EMPTY_BODY = YES;
				CLANG_WARN_ENUM_CONVERSION = YES;
				CLANG_WARN_INT_CONVERSION = YES;
				CLANG_WARN_OBJC_ROOT_CLASS = YES_ERROR;
				CLANG_WARN_UNREACHABLE_CODE = YES;
				CLANG_WARN__DUPLICATE_METHOD_MATCH = YES;
				"CODE_SIGN_IDENTITY[sdk=iphoneos*]" = "iPhone Developer";
				COPY_PHASE_STRIP = NO;
				DEBUG_INFORMATION_FORMAT = "dwarf-with-dsym";
				ENABLE_NS_ASSERTIONS = NO;
				ENABLE_STRICT_OBJC_MSGSEND = YES;
				GCC_C_LANGUAGE_STANDARD = gnu99;
				GCC_NO_COMMON_BLOCKS = YES;
				GCC_WARN_64_TO_32_BIT_CONVERSION = YES;
				GCC_WARN_ABOUT_RETURN_TYPE = YES_ERROR;
				GCC_WARN_UNDECLARED_SELECTOR = YES;
				GCC_WARN_UNINITIALIZED_AUTOS = YES_AGGRESSIVE;
				GCC_WARN_UNUSED_FUNCTION = YES;
				GCC_WARN_UNUSED_VARIABLE = YES;
				IPHONEOS_DEPLOYMENT_TARGET = 9.3;
				MTL_ENABLE_DEBUG_INFO = NO;
				SDKROOT = iphoneos;
				VALIDATE_PRODUCT = YES;
			};
			name = Release;
		};
		07AEE2051D854FF4008EDFBB /* Debug */ = {
			isa = XCBuildConfiguration;
			buildSettings = {
				ASSETCATALOG_COMPILER_APPICON_NAME = AppIcon;
				DEVELOPMENT_TEAM = CWS5QZG6VE;
				INFOPLIST_FILE = FQAlertViewDemo/Info.plist;
				IPHONEOS_DEPLOYMENT_TARGET = 7.0;
				LD_RUNPATH_SEARCH_PATHS = "$(inherited) @executable_path/Frameworks";
				PRODUCT_BUNDLE_IDENTIFIER = fengqiangboy.FQAlertViewDemo;
				PRODUCT_NAME = "$(TARGET_NAME)";
			};
			name = Debug;
		};
		07AEE2061D854FF4008EDFBB /* Release */ = {
			isa = XCBuildConfiguration;
			buildSettings = {
				ASSETCATALOG_COMPILER_APPICON_NAME = AppIcon;
				DEVELOPMENT_TEAM = CWS5QZG6VE;
				INFOPLIST_FILE = FQAlertViewDemo/Info.plist;
				IPHONEOS_DEPLOYMENT_TARGET = 7.0;
				LD_RUNPATH_SEARCH_PATHS = "$(inherited) @executable_path/Frameworks";
				PRODUCT_BUNDLE_IDENTIFIER = fengqiangboy.FQAlertViewDemo;
				PRODUCT_NAME = "$(TARGET_NAME)";
			};
			name = Release;
		};
/* End XCBuildConfiguration section */

/* Begin XCConfigurationList section */
		07AEE1E81D854FF4008EDFBB /* Build configuration list for PBXProject "FQAlertViewDemo" */ = {
			isa = XCConfigurationList;
			buildConfigurations = (
				07AEE2021D854FF4008EDFBB /* Debug */,
				07AEE2031D854FF4008EDFBB /* Release */,
			);
			defaultConfigurationIsVisible = 0;
			defaultConfigurationName = Release;
		};
		07AEE2041D854FF4008EDFBB /* Build configuration list for PBXNativeTarget "FQAlertViewDemo" */ = {
			isa = XCConfigurationList;
			buildConfigurations = (
				07AEE2051D854FF4008EDFBB /* Debug */,
				07AEE2061D854FF4008EDFBB /* Release */,
			);
			defaultConfigurationIsVisible = 0;
			defaultConfigurationName = Release;
		};
/* End XCConfigurationList section */
	};
	rootObject = 07AEE1E51D854FF4008EDFBB /* Project object */;
}
